
Microsoft Visual Studio Solution File, Format Version 12.00
# Visual Studio 15
VisualStudioVersion = 15.0.28307.168
MinimumVisualStudioVersion = 10.0.40219.1
Project("{FAE04EC0-301F-11D3-BF4B-00C04F79EFBC}") = "422_LogicalConditions", "422_LogicalConditions\422_LogicalConditions.csproj", "{4B5197D8-DC36-4238-A311-A708E5FEE416}"
EndProject
Project("{FAE04EC0-301F-11D3-BF4B-00C04F79EFBC}") = "321_BasicProperties(BGColor,Title)", "321_BasicProperties(BGColor,Title)\321_BasicProperties(BGColor,Title).csproj", "{A340D72B-6807-4DD4-97BF-18F23C9F2326}"
EndProject
Project("{FAE04EC0-301F-11D3-BF4B-00C04F79EFBC}") = "320_MethodChaining", "320_MethodChaining\320_MethodChaining.csproj", "{353A2414-777F-49F7-8B41-431DE3A4F870}"
EndProject
Project("{FAE04EC0-301F-11D3-BF4B-00C04F79EFBC}") = "317_NumericInput", "317_NumericInput\317_NumericInput.csproj", "{91C539BB-D263-451C-A8CB-83866FC0B21F}"
EndProject
Project("{FAE04EC0-301F-11D3-BF4B-00C04F79EFBC}") = "315_AcceptStringInputProdOutput", "315_AcceptString\315_AcceptStringInputProdOutput.csproj", "{85ECF4BE-2686-4417-972E-A07E2BD25A96}"
EndProject
Project("{FAE04EC0-301F-11D3-BF4B-00C04F79EFBC}") = "312_Concat", "312_Concat\312_Concat.csproj", "{274C0588-0A9C-41FE-B84D-06405C812135}"
EndProject
Project("{FAE04EC0-301F-11D3-BF4B-00C04F79EFBC}") = "313_Calculations", "313_Calculations\313_Calculations.csproj", "{71585730-EAC1-4180-B2E6-B21E348FACE6}"
EndProject
Project("{FAE04EC0-301F-11D3-BF4B-00C04F79EFBC}") = "316_ConcatFromStringClass", "316_ConcatFromStringClass\316_ConcatFromStringClass.csproj", "{4AA13979-B1C1-4931-803A-B1BEC7DA4D29}"
EndProject
Project("{FAE04EC0-301F-11D3-BF4B-00C04F79EFBC}") = "423_ifelseConditionCheck", "423_ifelseConditionCheck\423_ifelseConditionCheck.csproj", "{82718588-89DD-4850-BC7C-348FC82D25C4}"
EndProject
Project("{FAE04EC0-301F-11D3-BF4B-00C04F79EFBC}") = "424_SequenceOfifelseChecks", "424_SequenceOfifelseChecks\424_SequenceOfifelseChecks.csproj", "{D2D21C5B-C7CC-4FE7-A792-6B3B50BE6ED2}"
EndProject
Project("{FAE04EC0-301F-11D3-BF4B-00C04F79EFBC}") = "426_ifelseWithMethod", "426_ifelseWithMethod\426_ifelseWithMethod.csproj", "{BFFBE388-AC52-4EFE-AB8B-621C52DEB673}"
EndProject
Project("{FAE04EC0-301F-11D3-BF4B-00C04F79EFBC}") = "427_TryParse", "427_TryParse\427_TryParse.csproj", "{52163A42-8273-417C-9BBA-987C0C0E9E2F}"
EndProject
Project("{FAE04EC0-301F-11D3-BF4B-00C04F79EFBC}") = "430_CompoundOperators", "430_CompoundOperators\430_CompoundOperators.csproj", "{48D84F8D-3630-4A23-8D7A-B22D3E093D87}"
EndProject
Project("{FAE04EC0-301F-11D3-BF4B-00C04F79EFBC}") = "431_WhileLoop++", "431_WhileLoop\431_WhileLoop++.csproj", "{6DBE3E10-7A09-448E-9925-1C0F26DA9A7A}"
EndProject
Project("{FAE04EC0-301F-11D3-BF4B-00C04F79EFBC}") = "432_WhileLoop--", "432_WhileLoop2\432_WhileLoop--.csproj", "{EC75675A-D8C7-4DDB-B2FB-35A9A473526F}"
EndProject
Project("{FAE04EC0-301F-11D3-BF4B-00C04F79EFBC}") = "433_ExitingFromWhileLoop", "433_ExitingFromWhileLoop\433_ExitingFromWhileLoop.csproj", "{2A3BEA12-9B41-4A28-90D1-3725D19049BA}"
EndProject
Project("{FAE04EC0-301F-11D3-BF4B-00C04F79EFBC}") = "434_ForLoop_SquaresCubes++", "434_ForLoop\434_ForLoop_SquaresCubes++.csproj", "{5FA8433E-587E-4706-969C-73A909E70ECA}"
EndProject
Project("{FAE04EC0-301F-11D3-BF4B-00C04F79EFBC}") = "435_ForLoop_SquaresCubes--", "435_ForLoop_\435_ForLoop_SquaresCubes--.csproj", "{986BABE4-7764-46E7-B82E-E49B721F0BD2}"
EndProject
Project("{FAE04EC0-301F-11D3-BF4B-00C04F79EFBC}") = "436_AdjustForLoopIndexes", "436_AdjustForLoopIndexes\436_AdjustForLoopIndexes.csproj", "{3E04FC8C-377D-4BEB-B92F-1FD9C98C3D63}"
EndProject
Project("{FAE04EC0-301F-11D3-BF4B-00C04F79EFBC}") = "437_StringsAsIndexedConstructs", "437_StringsAsIndexedConstructs\437_StringsAsIndexedConstructs.csproj", "{0D130254-258F-4FAB-B744-F026772BFC1B}"
EndProject
Project("{FAE04EC0-301F-11D3-BF4B-00C04F79EFBC}") = "438_StringsWithForLoops_ReverseString", "438_StringsWithForLoops\438_StringsWithForLoops_ReverseString.csproj", "{372A3885-EAF0-4414-AAFB-40BE67582CFF}"
EndProject
Project("{FAE04EC0-301F-11D3-BF4B-00C04F79EFBC}") = "439_NestIfElseInsideForLoop_FilterStringChars", "439_NestIfElseInsideForLoop\439_NestIfElseInsideForLoop_FilterStringChars.csproj", "{E9147898-3B36-47EB-BDBF-97FA4414C795}"
EndProject
Project("{FAE04EC0-301F-11D3-BF4B-00C04F79EFBC}") = "442_Linq_SumAverageMinMax", "440_StringBehaviorInMemory\442_Linq_SumAverageMinMax.csproj", "{F7E8A630-50DF-4F25-A1FE-B4423A5D254B}"
EndProject
Project("{FAE04EC0-301F-11D3-BF4B-00C04F79EFBC}") = "443_ListsWithForEach_StringsDecimals", "443_ListsWithForEach\443_ListsWithForEach_StringsDecimals.csproj", "{A320FE1A-CCDC-4CA6-89E1-FA48A66AD89A}"
EndProject
Project("{FAE04EC0-301F-11D3-BF4B-00C04F79EFBC}") = "444_WhileWIthTryParse_SumAverageOfList", "444_WhileWIthTryParse_\444_WhileWIthTryParse_SumAverageOfList.csproj", "{0275F33C-71E9-4D95-9E86-D199F2F88C60}"
EndProject
Project("{FAE04EC0-301F-11D3-BF4B-00C04F79EFBC}") = "445_TernaryOperator_TrueFalse", "445_TernaryOperator_\445_TernaryOperator_TrueFalse.csproj", "{2D41B1C1-98F2-44FE-B949-D42DFE81B6D4}"
EndProject
Project("{FAE04EC0-301F-11D3-BF4B-00C04F79EFBC}") = "446_TernaryOperatorWIthMethods_StringContains", "446_TernaryOperatorWIthMethods_\446_TernaryOperatorWIthMethods_StringContains.csproj", "{CB83B485-B1B5-4062-A119-88FF7D7422CC}"
EndProject
Project("{FAE04EC0-301F-11D3-BF4B-00C04F79EFBC}") = "448_SwitchBlocks_CalculationOperators", "447_TernaryOperatorWIthMethodsConcise_StringContains\448_SwitchBlocks_CalculationOperators.csproj", "{8A1E927A-B845-4F5E-8A13-CF078C066D32}"
EndProject
Project("{FAE04EC0-301F-11D3-BF4B-00C04F79EFBC}") = "551_DecideOnTwoConditionsWithAnd", "551_DecideOnTwoConditionsWithAnd\551_DecideOnTwoConditionsWithAnd.csproj", "{4B735DCE-9043-4ACD-86A1-CC23BB6A10D7}"
EndProject
Project("{FAE04EC0-301F-11D3-BF4B-00C04F79EFBC}") = "552_AndIf", "552_AndIf\552_AndIf.csproj", "{AE22804A-C0DA-464E-9AEA-364DD36F344B}"
EndProject
Project("{FAE04EC0-301F-11D3-BF4B-00C04F79EFBC}") = "553_TryParseWhileAndBreakContinueClear", "553_TryParseWhileAndBreakContinue\553_TryParseWhileAndBreakContinueClear.csproj", "{E0D9D6EB-8484-4684-B45F-2364542BD41F}"
EndProject
Project("{FAE04EC0-301F-11D3-BF4B-00C04F79EFBC}") = "554_DecideOnTwoConditionsWithOr", "554_DecideOnTwoConditionsWithOr\554_DecideOnTwoConditionsWithOr.csproj", "{E1B8B9D4-DABA-4074-9539-050262FE09F1}"
EndProject
Project("{FAE04EC0-301F-11D3-BF4B-00C04F79EFBC}") = "555_MultipleOrsForEach_VowelCounter", "555_MultipleOrsForEach\555_MultipleOrsForEach_VowelCounter.csproj", "{C6DF8DAC-5CC7-4D7F-A12D-7D1FC7C190A8}"
EndProject
Project("{FAE04EC0-301F-11D3-BF4B-00C04F79EFBC}") = "656_VoidMethod_WriteTitleBackgroundColor", "656_VoidMethod\656_VoidMethod_WriteTitleBackgroundColor.csproj", "{0E293BBA-1309-499E-82DC-3560EDFC82F0}"
EndProject
Project("{FAE04EC0-301F-11D3-BF4B-00C04F79EFBC}") = "658_MethodWIthOneParameterReturn", "657_GetSetProperties\658_MethodWIthOneParameterReturn.csproj", "{AF2541B2-3C5A-4B49-94F2-4C06E90E98EB}"
EndProject
Project("{FAE04EC0-301F-11D3-BF4B-00C04F79EFBC}") = "661_MethodTwoParametersOneReturn_InterestCalculator", "659_CallStackAndParametersAsLocalVars\661_MethodTwoParametersOneReturn_InterestCalculator.csproj", "{240C906E-FFF2-414C-9665-11BB56DC9F92}"
EndProject
Project("{FAE04EC0-301F-11D3-BF4B-00C04F79EFBC}") = "663_SwitchBlocks_RecreateMath.Sign", "663_SwitchBlocks\663_SwitchBlocks_RecreateMath.Sign.csproj", "{42A9C01E-D30E-4937-AC36-74E17740D192}"
EndProject
Project("{FAE04EC0-301F-11D3-BF4B-00C04F79EFBC}") = "664_MethodsWithExceptionsTryCatch_DivideByZeroException", "664_MethodsWithExceptions_\664_MethodsWithExceptionsTryCatch_DivideByZeroException.csproj", "{6C856797-2DAF-48BE-8B5C-762DFDA4DCA8}"
EndProject
Project("{FAE04EC0-301F-11D3-BF4B-00C04F79EFBC}") = "666_TryCatchDoubleParse_", "666_TryCatchDoubleParse_\666_TryCatchDoubleParse_.csproj", "{B84D59D9-6D03-4F69-B062-4E416AE32AE0}"
EndProject
Project("{FAE04EC0-301F-11D3-BF4B-00C04F79EFBC}") = "667_NullsWithStringsTryCatch_NullReferenceException", "667_NullsWithStringsTryCatch_\667_NullsWithStringsTryCatch_NullReferenceException.csproj", "{F075EF27-B298-40B0-A47C-898B0292D6EF}"
EndProject
Project("{FAE04EC0-301F-11D3-BF4B-00C04F79EFBC}") = "668_MethodWithStringParameterAndReturnType_GetFirstLetter", "668_MethodWithStringParameterAndReturnType_\668_MethodWithStringParameterAndReturnType_GetFirstLetter.csproj", "{93B2052E-EE90-4B51-8C4F-05CED2E73B74}"
EndProject
Project("{FAE04EC0-301F-11D3-BF4B-00C04F79EFBC}") = "669_RecodeDivRem_QuotientRemainder", "669_RecodeDivRem_\669_RecodeDivRem_QuotientRemainder.csproj", "{E840D08F-2AB4-42EC-844E-65A251FDFD74}"
EndProject
Project("{FAE04EC0-301F-11D3-BF4B-00C04F79EFBC}") = "670_CreateMethodWithTupleReturnValue_ParseNameAge", "670_CreateMethodWithTupleReturnValue_\670_CreateMethodWithTupleReturnValue_ParseNameAge.csproj", "{4198E485-9C59-4068-937F-DF8777B6E583}"
EndProject
Project("{FAE04EC0-301F-11D3-BF4B-00C04F79EFBC}") = "672_MethodWithListReturnEnumerable_ChooseNumsDivisibleByNum", "672_MethodWithListReturnEnumerable_\672_MethodWithListReturnEnumerable_ChooseNumsDivisibleByNum.csproj", "{D5A3F8BF-BEF1-411E-895C-D58D7C575A09}"
EndProject
Project("{FAE04EC0-301F-11D3-BF4B-00C04F79EFBC}") = "774_ArrayAccessNotation", "774_Arrays_\774_ArrayAccessNotation.csproj", "{1661948D-AC83-4BAA-BAB1-DB36F1759FBE}"
EndProject
Project("{FAE04EC0-301F-11D3-BF4B-00C04F79EFBC}") = "775_ArrayParams_AdditionMethod", "775_ArrayParams\775_ArrayParams_AdditionMethod.csproj", "{009CF3A0-2424-486E-9423-DFDE5CE2ECAE}"
EndProject
Project("{FAE04EC0-301F-11D3-BF4B-00C04F79EFBC}") = "776_ArrayParams_MultiplicationMethod", "776_ArrayMultiplicationMethod\776_ArrayParams_MultiplicationMethod.csproj", "{FB201D61-5BA7-4EEB-B421-F77CAAD06081}"
EndProject
Project("{FAE04EC0-301F-11D3-BF4B-00C04F79EFBC}") = "777_ArrayParams_SplitMethodFromStringClass_RemoveChars", "777_SplitMethodFromStringClass_\777_ArrayParams_SplitMethodFromStringClass_RemoveChars.csproj", "{14997AF8-9DC3-4A2B-8DFB-61EB250636B4}"
EndProject
Project("{FAE04EC0-301F-11D3-BF4B-00C04F79EFBC}") = "778_ArraysListsRefsMemory", "778_ArraysListsRefs\778_ArraysListsRefsMemory.csproj", "{94AFF300-8DEE-46A7-85DC-15BB17FD27F5}"
EndProject
Project("{FAE04EC0-301F-11D3-BF4B-00C04F79EFBC}") = "779_PassingByRefvsPassingByValue", "779_PassingByRefvPassingByValue\779_PassingByRefvsPassingByValue.csproj", "{25E08232-22D8-4357-AA72-0CBA600A118D}"
EndProject
Project("{FAE04EC0-301F-11D3-BF4B-00C04F79EFBC}") = "780_PassingByRefAndValue", "780_PassingByRefAndValue\780_PassingByRefAndValue.csproj", "{A874357B-6E1D-4EC2-A6E0-1CA4DD9AC1E5}"
EndProject
Project("{FAE04EC0-301F-11D3-BF4B-00C04F79EFBC}") = "781_StepThruArrayWithForLoop_MultiplyUpDown", "881_StepThruArrayWithForLoop\781_StepThruArrayWithForLoop_MultiplyUpDown.csproj", "{60364759-EDF2-4155-9D48-D5C6FAF9B98A}"
EndProject
Project("{FAE04EC0-301F-11D3-BF4B-00C04F79EFBC}") = "782_DiffInMemoryStringsInts", "882_DiffInMemoryStringsInts\782_DiffInMemoryStringsInts.csproj", "{9EA415F5-C80A-41C6-B722-69720628B81E}"
EndProject
Project("{FAE04EC0-301F-11D3-BF4B-00C04F79EFBC}") = "783_DefineTwoDimensionalArrayWithManualIndexes", "883_DefineTwoDimensionalArrayWithManualIndexes\783_DefineTwoDimensionalArrayWithManualIndexes.csproj", "{8709449E-C1F1-4802-84F3-FF21DCC72CDC}"
EndProject
Project("{FAE04EC0-301F-11D3-BF4B-00C04F79EFBC}") = "784_MultidimensionalArray", "784_MultidimensionalArray\784_MultidimensionalArray.csproj", "{8AE9D254-3C55-46D4-8FFF-0D17D1561BB2}"
EndProject
Project("{FAE04EC0-301F-11D3-BF4B-00C04F79EFBC}") = "785_MultidimensionalArrayWithMethods_TakeAverageOfValues", "785_MultidimensionalArrayWithMethods\785_MultidimensionalArrayWithMethods_TakeAverageOfValues.csproj", "{B81C735D-49EC-4E2E-B1E1-72FB1CE3B38C}"
EndProject
Project("{FAE04EC0-301F-11D3-BF4B-00C04F79EFBC}") = "786_FillTwoDimensionalArrayForLoops_MatrixBuilder", "786_FillTwoDimensionalArrayForLoops\786_FillTwoDimensionalArrayForLoops_MatrixBuilder.csproj", "{65659C73-8AFF-43ED-94C8-5BC0F3B85CE3}"
EndProject
Project("{FAE04EC0-301F-11D3-BF4B-00C04F79EFBC}") = "788_CreatePrintJaggedArrays", "788_CreatePrintJaggedArrays\788_CreatePrintJaggedArrays.csproj", "{A4168983-DE64-4CA3-BD57-99B933528D5D}"
EndProject
Project("{2150E333-8FDC-42A3-9474-1A3956D46DE8}") = "3 Basic Programs", "3 Basic Programs", "{75A2E5D1-F128-45DC-9AAC-ED6F1D93E972}"
EndProject
Project("{2150E333-8FDC-42A3-9474-1A3956D46DE8}") = "4 Program Flow", "4 Program Flow", "{07A5ABD4-9151-4216-BE88-7A464DFBDE65}"
EndProject
Project("{2150E333-8FDC-42A3-9474-1A3956D46DE8}") = "5 Logical Operators", "5 Logical Operators", "{F46F05C2-B2B6-4325-9FD9-D206514CD59B}"
EndProject
Project("{2150E333-8FDC-42A3-9474-1A3956D46DE8}") = "6 Methods", "6 Methods", "{BC0914D6-D4FC-4687-AD84-6A3AD070FF2C}"
EndProject
Project("{2150E333-8FDC-42A3-9474-1A3956D46DE8}") = "7 Arrays", "7 Arrays", "{693861B6-1D8E-45CD-8D54-2E3DD634E319}"
EndProject
Global
	GlobalSection(SolutionConfigurationPlatforms) = preSolution
		Debug|Any CPU = Debug|Any CPU
		Release|Any CPU = Release|Any CPU
	EndGlobalSection
	GlobalSection(ProjectConfigurationPlatforms) = postSolution
		{4B5197D8-DC36-4238-A311-A708E5FEE416}.Debug|Any CPU.ActiveCfg = Debug|Any CPU
		{4B5197D8-DC36-4238-A311-A708E5FEE416}.Debug|Any CPU.Build.0 = Debug|Any CPU
		{4B5197D8-DC36-4238-A311-A708E5FEE416}.Release|Any CPU.ActiveCfg = Release|Any CPU
		{4B5197D8-DC36-4238-A311-A708E5FEE416}.Release|Any CPU.Build.0 = Release|Any CPU
		{A340D72B-6807-4DD4-97BF-18F23C9F2326}.Debug|Any CPU.ActiveCfg = Debug|Any CPU
		{A340D72B-6807-4DD4-97BF-18F23C9F2326}.Debug|Any CPU.Build.0 = Debug|Any CPU
		{A340D72B-6807-4DD4-97BF-18F23C9F2326}.Release|Any CPU.ActiveCfg = Release|Any CPU
		{A340D72B-6807-4DD4-97BF-18F23C9F2326}.Release|Any CPU.Build.0 = Release|Any CPU
		{353A2414-777F-49F7-8B41-431DE3A4F870}.Debug|Any CPU.ActiveCfg = Debug|Any CPU
		{353A2414-777F-49F7-8B41-431DE3A4F870}.Debug|Any CPU.Build.0 = Debug|Any CPU
		{353A2414-777F-49F7-8B41-431DE3A4F870}.Release|Any CPU.ActiveCfg = Release|Any CPU
		{353A2414-777F-49F7-8B41-431DE3A4F870}.Release|Any CPU.Build.0 = Release|Any CPU
		{91C539BB-D263-451C-A8CB-83866FC0B21F}.Debug|Any CPU.ActiveCfg = Debug|Any CPU
		{91C539BB-D263-451C-A8CB-83866FC0B21F}.Debug|Any CPU.Build.0 = Debug|Any CPU
		{91C539BB-D263-451C-A8CB-83866FC0B21F}.Release|Any CPU.ActiveCfg = Release|Any CPU
		{91C539BB-D263-451C-A8CB-83866FC0B21F}.Release|Any CPU.Build.0 = Release|Any CPU
		{85ECF4BE-2686-4417-972E-A07E2BD25A96}.Debug|Any CPU.ActiveCfg = Debug|Any CPU
		{85ECF4BE-2686-4417-972E-A07E2BD25A96}.Debug|Any CPU.Build.0 = Debug|Any CPU
		{85ECF4BE-2686-4417-972E-A07E2BD25A96}.Release|Any CPU.ActiveCfg = Release|Any CPU
		{85ECF4BE-2686-4417-972E-A07E2BD25A96}.Release|Any CPU.Build.0 = Release|Any CPU
		{274C0588-0A9C-41FE-B84D-06405C812135}.Debug|Any CPU.ActiveCfg = Debug|Any CPU
		{274C0588-0A9C-41FE-B84D-06405C812135}.Debug|Any CPU.Build.0 = Debug|Any CPU
		{274C0588-0A9C-41FE-B84D-06405C812135}.Release|Any CPU.ActiveCfg = Release|Any CPU
		{274C0588-0A9C-41FE-B84D-06405C812135}.Release|Any CPU.Build.0 = Release|Any CPU
		{71585730-EAC1-4180-B2E6-B21E348FACE6}.Debug|Any CPU.ActiveCfg = Debug|Any CPU
		{71585730-EAC1-4180-B2E6-B21E348FACE6}.Debug|Any CPU.Build.0 = Debug|Any CPU
		{71585730-EAC1-4180-B2E6-B21E348FACE6}.Release|Any CPU.ActiveCfg = Release|Any CPU
		{71585730-EAC1-4180-B2E6-B21E348FACE6}.Release|Any CPU.Build.0 = Release|Any CPU
		{4AA13979-B1C1-4931-803A-B1BEC7DA4D29}.Debug|Any CPU.ActiveCfg = Debug|Any CPU
		{4AA13979-B1C1-4931-803A-B1BEC7DA4D29}.Debug|Any CPU.Build.0 = Debug|Any CPU
		{4AA13979-B1C1-4931-803A-B1BEC7DA4D29}.Release|Any CPU.ActiveCfg = Release|Any CPU
		{4AA13979-B1C1-4931-803A-B1BEC7DA4D29}.Release|Any CPU.Build.0 = Release|Any CPU
		{82718588-89DD-4850-BC7C-348FC82D25C4}.Debug|Any CPU.ActiveCfg = Debug|Any CPU
		{82718588-89DD-4850-BC7C-348FC82D25C4}.Debug|Any CPU.Build.0 = Debug|Any CPU
		{82718588-89DD-4850-BC7C-348FC82D25C4}.Release|Any CPU.ActiveCfg = Release|Any CPU
		{82718588-89DD-4850-BC7C-348FC82D25C4}.Release|Any CPU.Build.0 = Release|Any CPU
		{D2D21C5B-C7CC-4FE7-A792-6B3B50BE6ED2}.Debug|Any CPU.ActiveCfg = Debug|Any CPU
		{D2D21C5B-C7CC-4FE7-A792-6B3B50BE6ED2}.Debug|Any CPU.Build.0 = Debug|Any CPU
		{D2D21C5B-C7CC-4FE7-A792-6B3B50BE6ED2}.Release|Any CPU.ActiveCfg = Release|Any CPU
		{D2D21C5B-C7CC-4FE7-A792-6B3B50BE6ED2}.Release|Any CPU.Build.0 = Release|Any CPU
		{BFFBE388-AC52-4EFE-AB8B-621C52DEB673}.Debug|Any CPU.ActiveCfg = Debug|Any CPU
		{BFFBE388-AC52-4EFE-AB8B-621C52DEB673}.Debug|Any CPU.Build.0 = Debug|Any CPU
		{BFFBE388-AC52-4EFE-AB8B-621C52DEB673}.Release|Any CPU.ActiveCfg = Release|Any CPU
		{BFFBE388-AC52-4EFE-AB8B-621C52DEB673}.Release|Any CPU.Build.0 = Release|Any CPU
		{52163A42-8273-417C-9BBA-987C0C0E9E2F}.Debug|Any CPU.ActiveCfg = Debug|Any CPU
		{52163A42-8273-417C-9BBA-987C0C0E9E2F}.Debug|Any CPU.Build.0 = Debug|Any CPU
		{52163A42-8273-417C-9BBA-987C0C0E9E2F}.Release|Any CPU.ActiveCfg = Release|Any CPU
		{52163A42-8273-417C-9BBA-987C0C0E9E2F}.Release|Any CPU.Build.0 = Release|Any CPU
		{48D84F8D-3630-4A23-8D7A-B22D3E093D87}.Debug|Any CPU.ActiveCfg = Debug|Any CPU
		{48D84F8D-3630-4A23-8D7A-B22D3E093D87}.Debug|Any CPU.Build.0 = Debug|Any CPU
		{48D84F8D-3630-4A23-8D7A-B22D3E093D87}.Release|Any CPU.ActiveCfg = Release|Any CPU
		{48D84F8D-3630-4A23-8D7A-B22D3E093D87}.Release|Any CPU.Build.0 = Release|Any CPU
		{6DBE3E10-7A09-448E-9925-1C0F26DA9A7A}.Debug|Any CPU.ActiveCfg = Debug|Any CPU
		{6DBE3E10-7A09-448E-9925-1C0F26DA9A7A}.Debug|Any CPU.Build.0 = Debug|Any CPU
		{6DBE3E10-7A09-448E-9925-1C0F26DA9A7A}.Release|Any CPU.ActiveCfg = Release|Any CPU
		{6DBE3E10-7A09-448E-9925-1C0F26DA9A7A}.Release|Any CPU.Build.0 = Release|Any CPU
		{EC75675A-D8C7-4DDB-B2FB-35A9A473526F}.Debug|Any CPU.ActiveCfg = Debug|Any CPU
		{EC75675A-D8C7-4DDB-B2FB-35A9A473526F}.Debug|Any CPU.Build.0 = Debug|Any CPU
		{EC75675A-D8C7-4DDB-B2FB-35A9A473526F}.Release|Any CPU.ActiveCfg = Release|Any CPU
		{EC75675A-D8C7-4DDB-B2FB-35A9A473526F}.Release|Any CPU.Build.0 = Release|Any CPU
		{2A3BEA12-9B41-4A28-90D1-3725D19049BA}.Debug|Any CPU.ActiveCfg = Debug|Any CPU
		{2A3BEA12-9B41-4A28-90D1-3725D19049BA}.Debug|Any CPU.Build.0 = Debug|Any CPU
		{2A3BEA12-9B41-4A28-90D1-3725D19049BA}.Release|Any CPU.ActiveCfg = Release|Any CPU
		{2A3BEA12-9B41-4A28-90D1-3725D19049BA}.Release|Any CPU.Build.0 = Release|Any CPU
		{5FA8433E-587E-4706-969C-73A909E70ECA}.Debug|Any CPU.ActiveCfg = Debug|Any CPU
		{5FA8433E-587E-4706-969C-73A909E70ECA}.Debug|Any CPU.Build.0 = Debug|Any CPU
		{5FA8433E-587E-4706-969C-73A909E70ECA}.Release|Any CPU.ActiveCfg = Release|Any CPU
		{5FA8433E-587E-4706-969C-73A909E70ECA}.Release|Any CPU.Build.0 = Release|Any CPU
		{986BABE4-7764-46E7-B82E-E49B721F0BD2}.Debug|Any CPU.ActiveCfg = Debug|Any CPU
		{986BABE4-7764-46E7-B82E-E49B721F0BD2}.Debug|Any CPU.Build.0 = Debug|Any CPU
		{986BABE4-7764-46E7-B82E-E49B721F0BD2}.Release|Any CPU.ActiveCfg = Release|Any CPU
		{986BABE4-7764-46E7-B82E-E49B721F0BD2}.Release|Any CPU.Build.0 = Release|Any CPU
		{3E04FC8C-377D-4BEB-B92F-1FD9C98C3D63}.Debug|Any CPU.ActiveCfg = Debug|Any CPU
		{3E04FC8C-377D-4BEB-B92F-1FD9C98C3D63}.Debug|Any CPU.Build.0 = Debug|Any CPU
		{3E04FC8C-377D-4BEB-B92F-1FD9C98C3D63}.Release|Any CPU.ActiveCfg = Release|Any CPU
		{3E04FC8C-377D-4BEB-B92F-1FD9C98C3D63}.Release|Any CPU.Build.0 = Release|Any CPU
		{0D130254-258F-4FAB-B744-F026772BFC1B}.Debug|Any CPU.ActiveCfg = Debug|Any CPU
		{0D130254-258F-4FAB-B744-F026772BFC1B}.Debug|Any CPU.Build.0 = Debug|Any CPU
		{0D130254-258F-4FAB-B744-F026772BFC1B}.Release|Any CPU.ActiveCfg = Release|Any CPU
		{0D130254-258F-4FAB-B744-F026772BFC1B}.Release|Any CPU.Build.0 = Release|Any CPU
		{372A3885-EAF0-4414-AAFB-40BE67582CFF}.Debug|Any CPU.ActiveCfg = Debug|Any CPU
		{372A3885-EAF0-4414-AAFB-40BE67582CFF}.Debug|Any CPU.Build.0 = Debug|Any CPU
		{372A3885-EAF0-4414-AAFB-40BE67582CFF}.Release|Any CPU.ActiveCfg = Release|Any CPU
		{372A3885-EAF0-4414-AAFB-40BE67582CFF}.Release|Any CPU.Build.0 = Release|Any CPU
		{E9147898-3B36-47EB-BDBF-97FA4414C795}.Debug|Any CPU.ActiveCfg = Debug|Any CPU
		{E9147898-3B36-47EB-BDBF-97FA4414C795}.Debug|Any CPU.Build.0 = Debug|Any CPU
		{E9147898-3B36-47EB-BDBF-97FA4414C795}.Release|Any CPU.ActiveCfg = Release|Any CPU
		{E9147898-3B36-47EB-BDBF-97FA4414C795}.Release|Any CPU.Build.0 = Release|Any CPU
		{F7E8A630-50DF-4F25-A1FE-B4423A5D254B}.Debug|Any CPU.ActiveCfg = Debug|Any CPU
		{F7E8A630-50DF-4F25-A1FE-B4423A5D254B}.Debug|Any CPU.Build.0 = Debug|Any CPU
		{F7E8A630-50DF-4F25-A1FE-B4423A5D254B}.Release|Any CPU.ActiveCfg = Release|Any CPU
		{F7E8A630-50DF-4F25-A1FE-B4423A5D254B}.Release|Any CPU.Build.0 = Release|Any CPU
		{A320FE1A-CCDC-4CA6-89E1-FA48A66AD89A}.Debug|Any CPU.ActiveCfg = Debug|Any CPU
		{A320FE1A-CCDC-4CA6-89E1-FA48A66AD89A}.Debug|Any CPU.Build.0 = Debug|Any CPU
		{A320FE1A-CCDC-4CA6-89E1-FA48A66AD89A}.Release|Any CPU.ActiveCfg = Release|Any CPU
		{A320FE1A-CCDC-4CA6-89E1-FA48A66AD89A}.Release|Any CPU.Build.0 = Release|Any CPU
		{0275F33C-71E9-4D95-9E86-D199F2F88C60}.Debug|Any CPU.ActiveCfg = Debug|Any CPU
		{0275F33C-71E9-4D95-9E86-D199F2F88C60}.Debug|Any CPU.Build.0 = Debug|Any CPU
		{0275F33C-71E9-4D95-9E86-D199F2F88C60}.Release|Any CPU.ActiveCfg = Release|Any CPU
		{0275F33C-71E9-4D95-9E86-D199F2F88C60}.Release|Any CPU.Build.0 = Release|Any CPU
		{2D41B1C1-98F2-44FE-B949-D42DFE81B6D4}.Debug|Any CPU.ActiveCfg = Debug|Any CPU
		{2D41B1C1-98F2-44FE-B949-D42DFE81B6D4}.Debug|Any CPU.Build.0 = Debug|Any CPU
		{2D41B1C1-98F2-44FE-B949-D42DFE81B6D4}.Release|Any CPU.ActiveCfg = Release|Any CPU
		{2D41B1C1-98F2-44FE-B949-D42DFE81B6D4}.Release|Any CPU.Build.0 = Release|Any CPU
		{CB83B485-B1B5-4062-A119-88FF7D7422CC}.Debug|Any CPU.ActiveCfg = Debug|Any CPU
		{CB83B485-B1B5-4062-A119-88FF7D7422CC}.Debug|Any CPU.Build.0 = Debug|Any CPU
		{CB83B485-B1B5-4062-A119-88FF7D7422CC}.Release|Any CPU.ActiveCfg = Release|Any CPU
		{CB83B485-B1B5-4062-A119-88FF7D7422CC}.Release|Any CPU.Build.0 = Release|Any CPU
		{8A1E927A-B845-4F5E-8A13-CF078C066D32}.Debug|Any CPU.ActiveCfg = Debug|Any CPU
		{8A1E927A-B845-4F5E-8A13-CF078C066D32}.Debug|Any CPU.Build.0 = Debug|Any CPU
		{8A1E927A-B845-4F5E-8A13-CF078C066D32}.Release|Any CPU.ActiveCfg = Release|Any CPU
		{8A1E927A-B845-4F5E-8A13-CF078C066D32}.Release|Any CPU.Build.0 = Release|Any CPU
		{4B735DCE-9043-4ACD-86A1-CC23BB6A10D7}.Debug|Any CPU.ActiveCfg = Debug|Any CPU
		{4B735DCE-9043-4ACD-86A1-CC23BB6A10D7}.Debug|Any CPU.Build.0 = Debug|Any CPU
		{4B735DCE-9043-4ACD-86A1-CC23BB6A10D7}.Release|Any CPU.ActiveCfg = Release|Any CPU
		{4B735DCE-9043-4ACD-86A1-CC23BB6A10D7}.Release|Any CPU.Build.0 = Release|Any CPU
		{AE22804A-C0DA-464E-9AEA-364DD36F344B}.Debug|Any CPU.ActiveCfg = Debug|Any CPU
		{AE22804A-C0DA-464E-9AEA-364DD36F344B}.Debug|Any CPU.Build.0 = Debug|Any CPU
		{AE22804A-C0DA-464E-9AEA-364DD36F344B}.Release|Any CPU.ActiveCfg = Release|Any CPU
		{AE22804A-C0DA-464E-9AEA-364DD36F344B}.Release|Any CPU.Build.0 = Release|Any CPU
		{E0D9D6EB-8484-4684-B45F-2364542BD41F}.Debug|Any CPU.ActiveCfg = Debug|Any CPU
		{E0D9D6EB-8484-4684-B45F-2364542BD41F}.Debug|Any CPU.Build.0 = Debug|Any CPU
		{E0D9D6EB-8484-4684-B45F-2364542BD41F}.Release|Any CPU.ActiveCfg = Release|Any CPU
		{E0D9D6EB-8484-4684-B45F-2364542BD41F}.Release|Any CPU.Build.0 = Release|Any CPU
		{E1B8B9D4-DABA-4074-9539-050262FE09F1}.Debug|Any CPU.ActiveCfg = Debug|Any CPU
		{E1B8B9D4-DABA-4074-9539-050262FE09F1}.Debug|Any CPU.Build.0 = Debug|Any CPU
		{E1B8B9D4-DABA-4074-9539-050262FE09F1}.Release|Any CPU.ActiveCfg = Release|Any CPU
		{E1B8B9D4-DABA-4074-9539-050262FE09F1}.Release|Any CPU.Build.0 = Release|Any CPU
		{C6DF8DAC-5CC7-4D7F-A12D-7D1FC7C190A8}.Debug|Any CPU.ActiveCfg = Debug|Any CPU
		{C6DF8DAC-5CC7-4D7F-A12D-7D1FC7C190A8}.Debug|Any CPU.Build.0 = Debug|Any CPU
		{C6DF8DAC-5CC7-4D7F-A12D-7D1FC7C190A8}.Release|Any CPU.ActiveCfg = Release|Any CPU
		{C6DF8DAC-5CC7-4D7F-A12D-7D1FC7C190A8}.Release|Any CPU.Build.0 = Release|Any CPU
		{0E293BBA-1309-499E-82DC-3560EDFC82F0}.Debug|Any CPU.ActiveCfg = Debug|Any CPU
		{0E293BBA-1309-499E-82DC-3560EDFC82F0}.Debug|Any CPU.Build.0 = Debug|Any CPU
		{0E293BBA-1309-499E-82DC-3560EDFC82F0}.Release|Any CPU.ActiveCfg = Release|Any CPU
		{0E293BBA-1309-499E-82DC-3560EDFC82F0}.Release|Any CPU.Build.0 = Release|Any CPU
		{AF2541B2-3C5A-4B49-94F2-4C06E90E98EB}.Debug|Any CPU.ActiveCfg = Debug|Any CPU
		{AF2541B2-3C5A-4B49-94F2-4C06E90E98EB}.Debug|Any CPU.Build.0 = Debug|Any CPU
		{AF2541B2-3C5A-4B49-94F2-4C06E90E98EB}.Release|Any CPU.ActiveCfg = Release|Any CPU
		{AF2541B2-3C5A-4B49-94F2-4C06E90E98EB}.Release|Any CPU.Build.0 = Release|Any CPU
		{240C906E-FFF2-414C-9665-11BB56DC9F92}.Debug|Any CPU.ActiveCfg = Debug|Any CPU
		{240C906E-FFF2-414C-9665-11BB56DC9F92}.Debug|Any CPU.Build.0 = Debug|Any CPU
		{240C906E-FFF2-414C-9665-11BB56DC9F92}.Release|Any CPU.ActiveCfg = Release|Any CPU
		{240C906E-FFF2-414C-9665-11BB56DC9F92}.Release|Any CPU.Build.0 = Release|Any CPU
		{42A9C01E-D30E-4937-AC36-74E17740D192}.Debug|Any CPU.ActiveCfg = Debug|Any CPU
		{42A9C01E-D30E-4937-AC36-74E17740D192}.Debug|Any CPU.Build.0 = Debug|Any CPU
		{42A9C01E-D30E-4937-AC36-74E17740D192}.Release|Any CPU.ActiveCfg = Release|Any CPU
		{42A9C01E-D30E-4937-AC36-74E17740D192}.Release|Any CPU.Build.0 = Release|Any CPU
		{6C856797-2DAF-48BE-8B5C-762DFDA4DCA8}.Debug|Any CPU.ActiveCfg = Debug|Any CPU
		{6C856797-2DAF-48BE-8B5C-762DFDA4DCA8}.Debug|Any CPU.Build.0 = Debug|Any CPU
		{6C856797-2DAF-48BE-8B5C-762DFDA4DCA8}.Release|Any CPU.ActiveCfg = Release|Any CPU
		{6C856797-2DAF-48BE-8B5C-762DFDA4DCA8}.Release|Any CPU.Build.0 = Release|Any CPU
		{B84D59D9-6D03-4F69-B062-4E416AE32AE0}.Debug|Any CPU.ActiveCfg = Debug|Any CPU
		{B84D59D9-6D03-4F69-B062-4E416AE32AE0}.Debug|Any CPU.Build.0 = Debug|Any CPU
		{B84D59D9-6D03-4F69-B062-4E416AE32AE0}.Release|Any CPU.ActiveCfg = Release|Any CPU
		{B84D59D9-6D03-4F69-B062-4E416AE32AE0}.Release|Any CPU.Build.0 = Release|Any CPU
		{F075EF27-B298-40B0-A47C-898B0292D6EF}.Debug|Any CPU.ActiveCfg = Debug|Any CPU
		{F075EF27-B298-40B0-A47C-898B0292D6EF}.Debug|Any CPU.Build.0 = Debug|Any CPU
		{F075EF27-B298-40B0-A47C-898B0292D6EF}.Release|Any CPU.ActiveCfg = Release|Any CPU
		{F075EF27-B298-40B0-A47C-898B0292D6EF}.Release|Any CPU.Build.0 = Release|Any CPU
		{93B2052E-EE90-4B51-8C4F-05CED2E73B74}.Debug|Any CPU.ActiveCfg = Debug|Any CPU
		{93B2052E-EE90-4B51-8C4F-05CED2E73B74}.Debug|Any CPU.Build.0 = Debug|Any CPU
		{93B2052E-EE90-4B51-8C4F-05CED2E73B74}.Release|Any CPU.ActiveCfg = Release|Any CPU
		{93B2052E-EE90-4B51-8C4F-05CED2E73B74}.Release|Any CPU.Build.0 = Release|Any CPU
		{E840D08F-2AB4-42EC-844E-65A251FDFD74}.Debug|Any CPU.ActiveCfg = Debug|Any CPU
		{E840D08F-2AB4-42EC-844E-65A251FDFD74}.Debug|Any CPU.Build.0 = Debug|Any CPU
		{E840D08F-2AB4-42EC-844E-65A251FDFD74}.Release|Any CPU.ActiveCfg = Release|Any CPU
		{E840D08F-2AB4-42EC-844E-65A251FDFD74}.Release|Any CPU.Build.0 = Release|Any CPU
		{4198E485-9C59-4068-937F-DF8777B6E583}.Debug|Any CPU.ActiveCfg = Debug|Any CPU
		{4198E485-9C59-4068-937F-DF8777B6E583}.Debug|Any CPU.Build.0 = Debug|Any CPU
		{4198E485-9C59-4068-937F-DF8777B6E583}.Release|Any CPU.ActiveCfg = Release|Any CPU
		{4198E485-9C59-4068-937F-DF8777B6E583}.Release|Any CPU.Build.0 = Release|Any CPU
		{D5A3F8BF-BEF1-411E-895C-D58D7C575A09}.Debug|Any CPU.ActiveCfg = Debug|Any CPU
		{D5A3F8BF-BEF1-411E-895C-D58D7C575A09}.Debug|Any CPU.Build.0 = Debug|Any CPU
		{D5A3F8BF-BEF1-411E-895C-D58D7C575A09}.Release|Any CPU.ActiveCfg = Release|Any CPU
		{D5A3F8BF-BEF1-411E-895C-D58D7C575A09}.Release|Any CPU.Build.0 = Release|Any CPU
		{1661948D-AC83-4BAA-BAB1-DB36F1759FBE}.Debug|Any CPU.ActiveCfg = Debug|Any CPU
		{1661948D-AC83-4BAA-BAB1-DB36F1759FBE}.Debug|Any CPU.Build.0 = Debug|Any CPU
		{1661948D-AC83-4BAA-BAB1-DB36F1759FBE}.Release|Any CPU.ActiveCfg = Release|Any CPU
		{1661948D-AC83-4BAA-BAB1-DB36F1759FBE}.Release|Any CPU.Build.0 = Release|Any CPU
		{009CF3A0-2424-486E-9423-DFDE5CE2ECAE}.Debug|Any CPU.ActiveCfg = Debug|Any CPU
		{009CF3A0-2424-486E-9423-DFDE5CE2ECAE}.Debug|Any CPU.Build.0 = Debug|Any CPU
		{009CF3A0-2424-486E-9423-DFDE5CE2ECAE}.Release|Any CPU.ActiveCfg = Release|Any CPU
		{009CF3A0-2424-486E-9423-DFDE5CE2ECAE}.Release|Any CPU.Build.0 = Release|Any CPU
		{FB201D61-5BA7-4EEB-B421-F77CAAD06081}.Debug|Any CPU.ActiveCfg = Debug|Any CPU
		{FB201D61-5BA7-4EEB-B421-F77CAAD06081}.Debug|Any CPU.Build.0 = Debug|Any CPU
		{FB201D61-5BA7-4EEB-B421-F77CAAD06081}.Release|Any CPU.ActiveCfg = Release|Any CPU
		{FB201D61-5BA7-4EEB-B421-F77CAAD06081}.Release|Any CPU.Build.0 = Release|Any CPU
		{14997AF8-9DC3-4A2B-8DFB-61EB250636B4}.Debug|Any CPU.ActiveCfg = Debug|Any CPU
		{14997AF8-9DC3-4A2B-8DFB-61EB250636B4}.Debug|Any CPU.Build.0 = Debug|Any CPU
		{14997AF8-9DC3-4A2B-8DFB-61EB250636B4}.Release|Any CPU.ActiveCfg = Release|Any CPU
		{14997AF8-9DC3-4A2B-8DFB-61EB250636B4}.Release|Any CPU.Build.0 = Release|Any CPU
		{94AFF300-8DEE-46A7-85DC-15BB17FD27F5}.Debug|Any CPU.ActiveCfg = Debug|Any CPU
		{94AFF300-8DEE-46A7-85DC-15BB17FD27F5}.Debug|Any CPU.Build.0 = Debug|Any CPU
		{94AFF300-8DEE-46A7-85DC-15BB17FD27F5}.Release|Any CPU.ActiveCfg = Release|Any CPU
		{94AFF300-8DEE-46A7-85DC-15BB17FD27F5}.Release|Any CPU.Build.0 = Release|Any CPU
		{25E08232-22D8-4357-AA72-0CBA600A118D}.Debug|Any CPU.ActiveCfg = Debug|Any CPU
		{25E08232-22D8-4357-AA72-0CBA600A118D}.Debug|Any CPU.Build.0 = Debug|Any CPU
		{25E08232-22D8-4357-AA72-0CBA600A118D}.Release|Any CPU.ActiveCfg = Release|Any CPU
		{25E08232-22D8-4357-AA72-0CBA600A118D}.Release|Any CPU.Build.0 = Release|Any CPU
		{A874357B-6E1D-4EC2-A6E0-1CA4DD9AC1E5}.Debug|Any CPU.ActiveCfg = Debug|Any CPU
		{A874357B-6E1D-4EC2-A6E0-1CA4DD9AC1E5}.Debug|Any CPU.Build.0 = Debug|Any CPU
		{A874357B-6E1D-4EC2-A6E0-1CA4DD9AC1E5}.Release|Any CPU.ActiveCfg = Release|Any CPU
		{A874357B-6E1D-4EC2-A6E0-1CA4DD9AC1E5}.Release|Any CPU.Build.0 = Release|Any CPU
		{60364759-EDF2-4155-9D48-D5C6FAF9B98A}.Debug|Any CPU.ActiveCfg = Debug|Any CPU
		{60364759-EDF2-4155-9D48-D5C6FAF9B98A}.Debug|Any CPU.Build.0 = Debug|Any CPU
		{60364759-EDF2-4155-9D48-D5C6FAF9B98A}.Release|Any CPU.ActiveCfg = Release|Any CPU
		{60364759-EDF2-4155-9D48-D5C6FAF9B98A}.Release|Any CPU.Build.0 = Release|Any CPU
		{9EA415F5-C80A-41C6-B722-69720628B81E}.Debug|Any CPU.ActiveCfg = Debug|Any CPU
		{9EA415F5-C80A-41C6-B722-69720628B81E}.Debug|Any CPU.Build.0 = Debug|Any CPU
		{9EA415F5-C80A-41C6-B722-69720628B81E}.Release|Any CPU.ActiveCfg = Release|Any CPU
		{9EA415F5-C80A-41C6-B722-69720628B81E}.Release|Any CPU.Build.0 = Release|Any CPU
		{8709449E-C1F1-4802-84F3-FF21DCC72CDC}.Debug|Any CPU.ActiveCfg = Debug|Any CPU
		{8709449E-C1F1-4802-84F3-FF21DCC72CDC}.Debug|Any CPU.Build.0 = Debug|Any CPU
		{8709449E-C1F1-4802-84F3-FF21DCC72CDC}.Release|Any CPU.ActiveCfg = Release|Any CPU
		{8709449E-C1F1-4802-84F3-FF21DCC72CDC}.Release|Any CPU.Build.0 = Release|Any CPU
		{8AE9D254-3C55-46D4-8FFF-0D17D1561BB2}.Debug|Any CPU.ActiveCfg = Debug|Any CPU
		{8AE9D254-3C55-46D4-8FFF-0D17D1561BB2}.Debug|Any CPU.Build.0 = Debug|Any CPU
		{8AE9D254-3C55-46D4-8FFF-0D17D1561BB2}.Release|Any CPU.ActiveCfg = Release|Any CPU
		{8AE9D254-3C55-46D4-8FFF-0D17D1561BB2}.Release|Any CPU.Build.0 = Release|Any CPU
		{B81C735D-49EC-4E2E-B1E1-72FB1CE3B38C}.Debug|Any CPU.ActiveCfg = Debug|Any CPU
		{B81C735D-49EC-4E2E-B1E1-72FB1CE3B38C}.Debug|Any CPU.Build.0 = Debug|Any CPU
		{B81C735D-49EC-4E2E-B1E1-72FB1CE3B38C}.Release|Any CPU.ActiveCfg = Release|Any CPU
		{B81C735D-49EC-4E2E-B1E1-72FB1CE3B38C}.Release|Any CPU.Build.0 = Release|Any CPU
		{65659C73-8AFF-43ED-94C8-5BC0F3B85CE3}.Debug|Any CPU.ActiveCfg = Debug|Any CPU
		{65659C73-8AFF-43ED-94C8-5BC0F3B85CE3}.Debug|Any CPU.Build.0 = Debug|Any CPU
		{65659C73-8AFF-43ED-94C8-5BC0F3B85CE3}.Release|Any CPU.ActiveCfg = Release|Any CPU
		{65659C73-8AFF-43ED-94C8-5BC0F3B85CE3}.Release|Any CPU.Build.0 = Release|Any CPU
		{A4168983-DE64-4CA3-BD57-99B933528D5D}.Debug|Any CPU.ActiveCfg = Debug|Any CPU
		{A4168983-DE64-4CA3-BD57-99B933528D5D}.Debug|Any CPU.Build.0 = Debug|Any CPU
		{A4168983-DE64-4CA3-BD57-99B933528D5D}.Release|Any CPU.ActiveCfg = Release|Any CPU
		{A4168983-DE64-4CA3-BD57-99B933528D5D}.Release|Any CPU.Build.0 = Release|Any CPU
	EndGlobalSection
	GlobalSection(SolutionProperties) = preSolution
		HideSolutionNode = FALSE
	EndGlobalSection
	GlobalSection(NestedProjects) = preSolution
		{4B5197D8-DC36-4238-A311-A708E5FEE416} = {07A5ABD4-9151-4216-BE88-7A464DFBDE65}
		{A340D72B-6807-4DD4-97BF-18F23C9F2326} = {75A2E5D1-F128-45DC-9AAC-ED6F1D93E972}
		{353A2414-777F-49F7-8B41-431DE3A4F870} = {75A2E5D1-F128-45DC-9AAC-ED6F1D93E972}
		{91C539BB-D263-451C-A8CB-83866FC0B21F} = {75A2E5D1-F128-45DC-9AAC-ED6F1D93E972}
		{85ECF4BE-2686-4417-972E-A07E2BD25A96} = {75A2E5D1-F128-45DC-9AAC-ED6F1D93E972}
		{274C0588-0A9C-41FE-B84D-06405C812135} = {75A2E5D1-F128-45DC-9AAC-ED6F1D93E972}
		{71585730-EAC1-4180-B2E6-B21E348FACE6} = {75A2E5D1-F128-45DC-9AAC-ED6F1D93E972}
		{4AA13979-B1C1-4931-803A-B1BEC7DA4D29} = {75A2E5D1-F128-45DC-9AAC-ED6F1D93E972}
		{82718588-89DD-4850-BC7C-348FC82D25C4} = {07A5ABD4-9151-4216-BE88-7A464DFBDE65}
		{D2D21C5B-C7CC-4FE7-A792-6B3B50BE6ED2} = {07A5ABD4-9151-4216-BE88-7A464DFBDE65}
		{BFFBE388-AC52-4EFE-AB8B-621C52DEB673} = {07A5ABD4-9151-4216-BE88-7A464DFBDE65}
		{52163A42-8273-417C-9BBA-987C0C0E9E2F} = {07A5ABD4-9151-4216-BE88-7A464DFBDE65}
		{48D84F8D-3630-4A23-8D7A-B22D3E093D87} = {07A5ABD4-9151-4216-BE88-7A464DFBDE65}
		{6DBE3E10-7A09-448E-9925-1C0F26DA9A7A} = {07A5ABD4-9151-4216-BE88-7A464DFBDE65}
		{EC75675A-D8C7-4DDB-B2FB-35A9A473526F} = {07A5ABD4-9151-4216-BE88-7A464DFBDE65}
		{2A3BEA12-9B41-4A28-90D1-3725D19049BA} = {07A5ABD4-9151-4216-BE88-7A464DFBDE65}
		{5FA8433E-587E-4706-969C-73A909E70ECA} = {07A5ABD4-9151-4216-BE88-7A464DFBDE65}
		{986BABE4-7764-46E7-B82E-E49B721F0BD2} = {07A5ABD4-9151-4216-BE88-7A464DFBDE65}
		{3E04FC8C-377D-4BEB-B92F-1FD9C98C3D63} = {07A5ABD4-9151-4216-BE88-7A464DFBDE65}
		{0D130254-258F-4FAB-B744-F026772BFC1B} = {07A5ABD4-9151-4216-BE88-7A464DFBDE65}
		{372A3885-EAF0-4414-AAFB-40BE67582CFF} = {07A5ABD4-9151-4216-BE88-7A464DFBDE65}
		{E9147898-3B36-47EB-BDBF-97FA4414C795} = {07A5ABD4-9151-4216-BE88-7A464DFBDE65}
		{F7E8A630-50DF-4F25-A1FE-B4423A5D254B} = {07A5ABD4-9151-4216-BE88-7A464DFBDE65}
		{A320FE1A-CCDC-4CA6-89E1-FA48A66AD89A} = {07A5ABD4-9151-4216-BE88-7A464DFBDE65}
		{0275F33C-71E9-4D95-9E86-D199F2F88C60} = {07A5ABD4-9151-4216-BE88-7A464DFBDE65}
		{2D41B1C1-98F2-44FE-B949-D42DFE81B6D4} = {07A5ABD4-9151-4216-BE88-7A464DFBDE65}
		{CB83B485-B1B5-4062-A119-88FF7D7422CC} = {07A5ABD4-9151-4216-BE88-7A464DFBDE65}
		{8A1E927A-B845-4F5E-8A13-CF078C066D32} = {07A5ABD4-9151-4216-BE88-7A464DFBDE65}
		{4B735DCE-9043-4ACD-86A1-CC23BB6A10D7} = {F46F05C2-B2B6-4325-9FD9-D206514CD59B}
		{AE22804A-C0DA-464E-9AEA-364DD36F344B} = {F46F05C2-B2B6-4325-9FD9-D206514CD59B}
		{E0D9D6EB-8484-4684-B45F-2364542BD41F} = {F46F05C2-B2B6-4325-9FD9-D206514CD59B}
		{E1B8B9D4-DABA-4074-9539-050262FE09F1} = {F46F05C2-B2B6-4325-9FD9-D206514CD59B}
		{C6DF8DAC-5CC7-4D7F-A12D-7D1FC7C190A8} = {F46F05C2-B2B6-4325-9FD9-D206514CD59B}
		{0E293BBA-1309-499E-82DC-3560EDFC82F0} = {BC0914D6-D4FC-4687-AD84-6A3AD070FF2C}
		{AF2541B2-3C5A-4B49-94F2-4C06E90E98EB} = {BC0914D6-D4FC-4687-AD84-6A3AD070FF2C}
		{240C906E-FFF2-414C-9665-11BB56DC9F92} = {BC0914D6-D4FC-4687-AD84-6A3AD070FF2C}
		{42A9C01E-D30E-4937-AC36-74E17740D192} = {BC0914D6-D4FC-4687-AD84-6A3AD070FF2C}
		{6C856797-2DAF-48BE-8B5C-762DFDA4DCA8} = {BC0914D6-D4FC-4687-AD84-6A3AD070FF2C}
		{B84D59D9-6D03-4F69-B062-4E416AE32AE0} = {BC0914D6-D4FC-4687-AD84-6A3AD070FF2C}
		{F075EF27-B298-40B0-A47C-898B0292D6EF} = {BC0914D6-D4FC-4687-AD84-6A3AD070FF2C}
		{93B2052E-EE90-4B51-8C4F-05CED2E73B74} = {BC0914D6-D4FC-4687-AD84-6A3AD070FF2C}
		{E840D08F-2AB4-42EC-844E-65A251FDFD74} = {BC0914D6-D4FC-4687-AD84-6A3AD070FF2C}
		{4198E485-9C59-4068-937F-DF8777B6E583} = {BC0914D6-D4FC-4687-AD84-6A3AD070FF2C}
		{D5A3F8BF-BEF1-411E-895C-D58D7C575A09} = {BC0914D6-D4FC-4687-AD84-6A3AD070FF2C}
		{1661948D-AC83-4BAA-BAB1-DB36F1759FBE} = {693861B6-1D8E-45CD-8D54-2E3DD634E319}
		{009CF3A0-2424-486E-9423-DFDE5CE2ECAE} = {693861B6-1D8E-45CD-8D54-2E3DD634E319}
		{FB201D61-5BA7-4EEB-B421-F77CAAD06081} = {693861B6-1D8E-45CD-8D54-2E3DD634E319}
		{14997AF8-9DC3-4A2B-8DFB-61EB250636B4} = {693861B6-1D8E-45CD-8D54-2E3DD634E319}
		{94AFF300-8DEE-46A7-85DC-15BB17FD27F5} = {693861B6-1D8E-45CD-8D54-2E3DD634E319}
		{25E08232-22D8-4357-AA72-0CBA600A118D} = {693861B6-1D8E-45CD-8D54-2E3DD634E319}
		{A874357B-6E1D-4EC2-A6E0-1CA4DD9AC1E5} = {693861B6-1D8E-45CD-8D54-2E3DD634E319}
		{60364759-EDF2-4155-9D48-D5C6FAF9B98A} = {693861B6-1D8E-45CD-8D54-2E3DD634E319}
		{9EA415F5-C80A-41C6-B722-69720628B81E} = {693861B6-1D8E-45CD-8D54-2E3DD634E319}
		{8709449E-C1F1-4802-84F3-FF21DCC72CDC} = {693861B6-1D8E-45CD-8D54-2E3DD634E319}
		{8AE9D254-3C55-46D4-8FFF-0D17D1561BB2} = {693861B6-1D8E-45CD-8D54-2E3DD634E319}
		{B81C735D-49EC-4E2E-B1E1-72FB1CE3B38C} = {693861B6-1D8E-45CD-8D54-2E3DD634E319}
		{65659C73-8AFF-43ED-94C8-5BC0F3B85CE3} = {693861B6-1D8E-45CD-8D54-2E3DD634E319}
		{A4168983-DE64-4CA3-BD57-99B933528D5D} = {693861B6-1D8E-45CD-8D54-2E3DD634E319}
	EndGlobalSection
	GlobalSection(ExtensibilityGlobals) = postSolution
		SolutionGuid = {BE7A8C49-8E73-4A4C-B7DB-F3F8B03D49B6}
	EndGlobalSection
EndGlobal
